
Microsoft Visual Studio Solution File, Format Version 12.00
# Visual Studio Version 17
VisualStudioVersion = 17.8.34408.163
MinimumVisualStudioVersion = 10.0.40219.1
Project("{FAE04EC0-301F-11D3-BF4B-00C04F79EFBC}") = "demo", "demo\demo.csproj", "{59697314-6AC0-4110-8702-5A6461DD901A}"
EndProject
Project("{FAE04EC0-301F-11D3-BF4B-00C04F79EFBC}") = "WpfApp1", "WpfApp1\WpfApp1.csproj", "{7C3781D9-04A5-42BC-90C5-665A3D35B634}"
EndProject
Project("{FAE04EC0-301F-11D3-BF4B-00C04F79EFBC}") = "WebApiApplication1", "WebApiApplication1\WebApiApplication1.csproj", "{681D4C1C-537D-4EAD-A4DE-BB9FE81E28C2}"
EndProject
Global
	GlobalSection(SolutionConfigurationPlatforms) = preSolution
		Debug|Any CPU = Debug|Any CPU
		Release|Any CPU = Release|Any CPU
	EndGlobalSection
	GlobalSection(ProjectConfigurationPlatforms) = postSolution
		{59697314-6AC0-4110-8702-5A6461DD901A}.Debug|Any CPU.ActiveCfg = Debug|Any CPU
		{59697314-6AC0-4110-8702-5A6461DD901A}.Debug|Any CPU.Build.0 = Debug|Any CPU
		{59697314-6AC0-4110-8702-5A6461DD901A}.Release|Any CPU.ActiveCfg = Release|Any CPU
		{59697314-6AC0-4110-8702-5A6461DD901A}.Release|Any CPU.Build.0 = Release|Any CPU
		{7C3781D9-04A5-42BC-90C5-665A3D35B634}.Debug|Any CPU.ActiveCfg = Debug|Any CPU
		{7C3781D9-04A5-42BC-90C5-665A3D35B634}.Debug|Any CPU.Build.0 = Debug|Any CPU
		{7C3781D9-04A5-42BC-90C5-665A3D35B634}.Release|Any CPU.ActiveCfg = Release|Any CPU
		{7C3781D9-04A5-42BC-90C5-665A3D35B634}.Release|Any CPU.Build.0 = Release|Any CPU
		{681D4C1C-537D-4EAD-A4DE-BB9FE81E28C2}.Debug|Any CPU.ActiveCfg = Debug|Any CPU
		{681D4C1C-537D-4EAD-A4DE-BB9FE81E28C2}.Debug|Any CPU.Build.0 = Debug|Any CPU
		{681D4C1C-537D-4EAD-A4DE-BB9FE81E28C2}.Release|Any CPU.ActiveCfg = Release|Any CPU
		{681D4C1C-537D-4EAD-A4DE-BB9FE81E28C2}.Release|Any CPU.Build.0 = Release|Any CPU
	EndGlobalSection
	GlobalSection(SolutionProperties) = preSolution
		HideSolutionNode = FALSE
	EndGlobalSection
	GlobalSection(ExtensibilityGlobals) = postSolution
		SolutionGuid = {F7479831-4491-4ADD-8B7A-0799DE06A621}
	EndGlobalSection
EndGlobal
